// !$*UTF8*$!
{
	archiveVersion = 1;
	classes = {
	};
	objectVersion = 46;
	objects = {

/* Begin PBXBuildFile section */
		0DA1EB6730F30C63C74C3589 /* include_juce_data_structures.mm */ = {isa = PBXBuildFile; fileRef = AD104B1E6F71B5957BD692B8; };
		10643F097C89529CBB44529A /* include_juce_core.mm */ = {isa = PBXBuildFile; fileRef = 45BA38F7D7F4A92CB8EDA0B1; };
		10BFEBCCCB12801A7D6DF92C /* include_juce_graphics.mm */ = {isa = PBXBuildFile; fileRef = 0D11CB5BB3CE7CE021783AA4; };
		1B2F01790C875E0F47AAD505 /* include_juce_events.mm */ = {isa = PBXBuildFile; fileRef = 6B0D4104C59060FD0D9635CB; };
		1F7EFD78296E26958492B593 /* Foundation.framework */ = {isa = PBXBuildFile; fileRef = E2CB5F5A877BC033C390AF9D; };
		3718EB89C1D24A2CF08A9C0C /* Carbon.framework */ = {isa = PBXBuildFile; fileRef = 029D18EE01A8B4FCD5C77E19; };
		3E0364AD4084851511AF0D62 /* Main.cpp */ = {isa = PBXBuildFile; fileRef = DA5745FC95B45348FEFEE055; };
		431FA43AE8C9253B187D435B /* QuartzCore.framework */ = {isa = PBXBuildFile; fileRef = F2A990EBC478F6AF22A8695F; };
		842329538F3D001AA727A823 /* MainComponent.cpp */ = {isa = PBXBuildFile; fileRef = 37D1220CFEF9CAF13BEF5ED1; };
		84F8CEA6A9C7648EA156895D /* App */ = {isa = PBXBuildFile; fileRef = A98D09ED2FF2A4A0F58CB459; };
		8C72C8CFE8048595719E1CAC /* Cocoa.framework */ = {isa = PBXBuildFile; fileRef = BF2D5F1406551DF88B121B77; };
		B6678EFFB26E9A577D16E759 /* IOKit.framework */ = {isa = PBXBuildFile; fileRef = FE736305CF170E43F5416AE0; };
		C734771A4C79A7D01A4CDD9F /* RecentFilesMenuTemplate.nib */ = {isa = PBXBuildFile; fileRef = E197F1CA1E6452D588CD733F; };
		E373A0BA34EC62A1893868FD /* include_juce_gui_basics.mm */ = {isa = PBXBuildFile; fileRef = 487EDFAE7684CB133984AB21; };
/* End PBXBuildFile section */

/* Begin PBXFileReference section */
		0046958CAB6D0F08026890D0 /* juce_gui_basics */ /* juce_gui_basics */ = {isa = PBXFileReference; lastKnownFileType = folder; name = juce_gui_basics; path = ../../../JUCE/modules/juce_gui_basics; sourceTree = SOURCE_ROOT; };
		029D18EE01A8B4FCD5C77E19 /* Carbon.framework */ /* Carbon.framework */ = {isa = PBXFileReference; lastKnownFileType = wrapper.framework; name = Carbon.framework; path = System/Library/Frameworks/Carbon.framework; sourceTree = SDKROOT; };
		0D11CB5BB3CE7CE021783AA4 /* include_juce_graphics.mm */ /* include_juce_graphics.mm */ = {isa = PBXFileReference; lastKnownFileType = sourcecode.cpp.objcpp; name = include_juce_graphics.mm; path = ../../JuceLibraryCode/include_juce_graphics.mm; sourceTree = SOURCE_ROOT; };
		2DDCA1E11283F4A062F106D9 /* juce_events */ /* juce_events */ = {isa = PBXFileReference; lastKnownFileType = folder; name = juce_events; path = ../../../JUCE/modules/juce_events; sourceTree = SOURCE_ROOT; };
		30FEBDA220C1C2784351DA85 /* juce_core */ /* juce_core */ = {isa = PBXFileReference; lastKnownFileType = folder; name = juce_core; path = ../../../JUCE/modules/juce_core; sourceTree = SOURCE_ROOT; };
		37D1220CFEF9CAF13BEF5ED1 /* MainComponent.cpp */ /* MainComponent.cpp */ = {isa = PBXFileReference; lastKnownFileType = sourcecode.cpp.cpp; name = MainComponent.cpp; path = ../../Source/MainComponent.cpp; sourceTree = SOURCE_ROOT; };
		45BA38F7D7F4A92CB8EDA0B1 /* include_juce_core.mm */ /* include_juce_core.mm */ = {isa = PBXFileReference; lastKnownFileType = sourcecode.cpp.objcpp; name = include_juce_core.mm; path = ../../JuceLibraryCode/include_juce_core.mm; sourceTree = SOURCE_ROOT; };
		487EDFAE7684CB133984AB21 /* include_juce_gui_basics.mm */ /* include_juce_gui_basics.mm */ = {isa = PBXFileReference; lastKnownFileType = sourcecode.cpp.objcpp; name = include_juce_gui_basics.mm; path = ../../JuceLibraryCode/include_juce_gui_basics.mm; sourceTree = SOURCE_ROOT; };
		6B0D4104C59060FD0D9635CB /* include_juce_events.mm */ /* include_juce_events.mm */ = {isa = PBXFileReference; lastKnownFileType = sourcecode.cpp.objcpp; name = include_juce_events.mm; path = ../../JuceLibraryCode/include_juce_events.mm; sourceTree = SOURCE_ROOT; };
		7B7A5CA254A8B973D3756D7F /* juce_graphics */ /* juce_graphics */ = {isa = PBXFileReference; lastKnownFileType = folder; name = juce_graphics; path = ../../../JUCE/modules/juce_graphics; sourceTree = SOURCE_ROOT; };
		81706234926A330730E40E3D /* juce_data_structures */ /* juce_data_structures */ = {isa = PBXFileReference; lastKnownFileType = folder; name = juce_data_structures; path = ../../../JUCE/modules/juce_data_structures; sourceTree = SOURCE_ROOT; };
		A98D09ED2FF2A4A0F58CB459 /* App */ = {isa = PBXFileReference; explicitFileType = wrapper.application; includeInIndex = 0; path = ScaledMenus.app; sourceTree = BUILT_PRODUCTS_DIR; };
		AD104B1E6F71B5957BD692B8 /* include_juce_data_structures.mm */ /* include_juce_data_structures.mm */ = {isa = PBXFileReference; lastKnownFileType = sourcecode.cpp.objcpp; name = include_juce_data_structures.mm; path = ../../JuceLibraryCode/include_juce_data_structures.mm; sourceTree = SOURCE_ROOT; };
		BF2D5F1406551DF88B121B77 /* Cocoa.framework */ /* Cocoa.framework */ = {isa = PBXFileReference; lastKnownFileType = wrapper.framework; name = Cocoa.framework; path = System/Library/Frameworks/Cocoa.framework; sourceTree = SDKROOT; };
		C3C02FCE73C8BCE4E1139EA1 /* MainComponent.h */ /* MainComponent.h */ = {isa = PBXFileReference; lastKnownFileType = sourcecode.c.h; name = MainComponent.h; path = ../../Source/MainComponent.h; sourceTree = SOURCE_ROOT; };
		DA5745FC95B45348FEFEE055 /* Main.cpp */ /* Main.cpp */ = {isa = PBXFileReference; lastKnownFileType = sourcecode.cpp.cpp; name = Main.cpp; path = ../../Source/Main.cpp; sourceTree = SOURCE_ROOT; };
		E197F1CA1E6452D588CD733F /* RecentFilesMenuTemplate.nib */ /* RecentFilesMenuTemplate.nib */ = {isa = PBXFileReference; lastKnownFileType = file.nib; name = RecentFilesMenuTemplate.nib; path = RecentFilesMenuTemplate.nib; sourceTree = SOURCE_ROOT; };
		E2B428D53C41E39B40354332 /* JuceHeader.h */ /* JuceHeader.h */ = {isa = PBXFileReference; lastKnownFileType = sourcecode.c.h; name = JuceHeader.h; path = ../../JuceLibraryCode/JuceHeader.h; sourceTree = SOURCE_ROOT; };
		E2CB5F5A877BC033C390AF9D /* Foundation.framework */ /* Foundation.framework */ = {isa = PBXFileReference; lastKnownFileType = wrapper.framework; name = Foundation.framework; path = System/Library/Frameworks/Foundation.framework; sourceTree = SDKROOT; };
		F01885502CA025B3D5E868BD /* Info-App.plist */ /* Info-App.plist */ = {isa = PBXFileReference; lastKnownFileType = text.plist.xml; name = "Info-App.plist"; path = "Info-App.plist"; sourceTree = SOURCE_ROOT; };
		F2A990EBC478F6AF22A8695F /* QuartzCore.framework */ /* QuartzCore.framework */ = {isa = PBXFileReference; lastKnownFileType = wrapper.framework; name = QuartzCore.framework; path = System/Library/Frameworks/QuartzCore.framework; sourceTree = SDKROOT; };
		FE736305CF170E43F5416AE0 /* IOKit.framework */ /* IOKit.framework */ = {isa = PBXFileReference; lastKnownFileType = wrapper.framework; name = IOKit.framework; path = System/Library/Frameworks/IOKit.framework; sourceTree = SDKROOT; };
/* End PBXFileReference section */

/* Begin PBXFrameworksBuildPhase section */
		081AE85DBD3C263F1EE0759A = {
			isa = PBXFrameworksBuildPhase;
			buildActionMask = 2147483647;
			files = (
				3718EB89C1D24A2CF08A9C0C,
				8C72C8CFE8048595719E1CAC,
				1F7EFD78296E26958492B593,
				B6678EFFB26E9A577D16E759,
				431FA43AE8C9253B187D435B,
			);
			runOnlyForDeploymentPostprocessing = 0;
		};
/* End PBXFrameworksBuildPhase section */

/* Begin PBXGroup section */
		1D4FC95D56D63A3EC065998C /* Source */ = {
			isa = PBXGroup;
			children = (
				DA5745FC95B45348FEFEE055,
				C3C02FCE73C8BCE4E1139EA1,
				37D1220CFEF9CAF13BEF5ED1,
			);
			name = Source;
			sourceTree = "<group>";
		};
		4AA2E79AE3718F6B816A09A6 /* JUCE Library Code */ = {
			isa = PBXGroup;
			children = (
				45BA38F7D7F4A92CB8EDA0B1,
				AD104B1E6F71B5957BD692B8,
				6B0D4104C59060FD0D9635CB,
				0D11CB5BB3CE7CE021783AA4,
				487EDFAE7684CB133984AB21,
				E2B428D53C41E39B40354332,
			);
			name = "JUCE Library Code";
			sourceTree = "<group>";
		};
		4D3228C5BF00856423DB81D8 /* ScaledMenus */ = {
			isa = PBXGroup;
			children = (
				1D4FC95D56D63A3EC065998C,
			);
			name = ScaledMenus;
			sourceTree = "<group>";
		};
		5674188E33B7D98EE4037CFB /* JUCE Modules */ = {
			isa = PBXGroup;
			children = (
				30FEBDA220C1C2784351DA85,
				81706234926A330730E40E3D,
				2DDCA1E11283F4A062F106D9,
				7B7A5CA254A8B973D3756D7F,
				0046958CAB6D0F08026890D0,
			);
			name = "JUCE Modules";
			sourceTree = "<group>";
		};
		6BB3D2D671B16634CDF16F6E /* Products */ = {
			isa = PBXGroup;
			children = (
				A98D09ED2FF2A4A0F58CB459,
			);
			name = Products;
			sourceTree = "<group>";
		};
		9457CB1D169DB7ADDD8BF4D5 /* Source */ = {
			isa = PBXGroup;
			children = (
				4D3228C5BF00856423DB81D8,
				5674188E33B7D98EE4037CFB,
				4AA2E79AE3718F6B816A09A6,
				E28A819D311D6E17F212BACB,
				F10D160D27043A0F00DCACE1,
				6BB3D2D671B16634CDF16F6E,
			);
			name = Source;
			sourceTree = "<group>";
		};
		E28A819D311D6E17F212BACB /* Resources */ = {
			isa = PBXGroup;
			children = (
				F01885502CA025B3D5E868BD,
				E197F1CA1E6452D588CD733F,
			);
			name = Resources;
			sourceTree = "<group>";
		};
		F10D160D27043A0F00DCACE1 /* Frameworks */ = {
			isa = PBXGroup;
			children = (
				029D18EE01A8B4FCD5C77E19,
				BF2D5F1406551DF88B121B77,
				E2CB5F5A877BC033C390AF9D,
				FE736305CF170E43F5416AE0,
				F2A990EBC478F6AF22A8695F,
			);
			name = Frameworks;
			sourceTree = "<group>";
		};
/* End PBXGroup section */

/* Begin PBXNativeTarget section */
		60D11FAC96D75765AF3DF006 /* ScaledMenus - App */ = {
			isa = PBXNativeTarget;
			buildConfigurationList = 3BD0CCEDD01ED5215B451667;
			buildPhases = (
				5C485D9D96B9BB77BC6E0978,
				F35D775E5B3E4A74EB8715E9,
				081AE85DBD3C263F1EE0759A,
			);
			buildRules = (
			);
			dependencies = (
			);
			name = "ScaledMenus - App";
			productName = ScaledMenus;
			productReference = A98D09ED2FF2A4A0F58CB459;
			productType = "com.apple.product-type.application";
		};
/* End PBXNativeTarget section */

/* Begin PBXProject section */
		C87A39BB84168604D86565E1 = {
			isa = PBXProject;
			attributes = {
				LastUpgradeCheck = 1240;
				ORGANIZATIONNAME = "";
				TargetAttributes = {
					60D11FAC96D75765AF3DF006 = {
						SystemCapabilities = {
							com.apple.ApplicationGroups.iOS = {
								enabled = 0;
							};
							com.apple.HardenedRuntime = {
								enabled = 0;
							};
							com.apple.InAppPurchase = {
								enabled = 0;
							};
							com.apple.InterAppAudio = {
								enabled = 0;
							};
							com.apple.Push = {
								enabled = 0;
							};
							com.apple.Sandbox = {
								enabled = 0;
							};
						};
					};
				};
			};
			buildConfigurationList = CD6830539EF3E35C06A4F3D9;
			compatibilityVersion = "Xcode 3.2";
			hasScannedForEncodings = 0;
			knownRegions = (
				en,
				Base,
			);
			mainGroup = 9457CB1D169DB7ADDD8BF4D5;
			projectDirPath = "";
			projectRoot = "";
			targets = (
				60D11FAC96D75765AF3DF006,
			);
		};
/* End PBXProject section */

/* Begin PBXResourcesBuildPhase section */
		5C485D9D96B9BB77BC6E0978 = {
			isa = PBXResourcesBuildPhase;
			buildActionMask = 2147483647;
			files = (
				C734771A4C79A7D01A4CDD9F,
			);
			runOnlyForDeploymentPostprocessing = 0;
		};
/* End PBXResourcesBuildPhase section */

/* Begin PBXSourcesBuildPhase section */
		F35D775E5B3E4A74EB8715E9 = {
			isa = PBXSourcesBuildPhase;
			buildActionMask = 2147483647;
			files = (
				3E0364AD4084851511AF0D62,
				842329538F3D001AA727A823,
				10643F097C89529CBB44529A,
				0DA1EB6730F30C63C74C3589,
				1B2F01790C875E0F47AAD505,
				10BFEBCCCB12801A7D6DF92C,
				E373A0BA34EC62A1893868FD,
			);
			runOnlyForDeploymentPostprocessing = 0;
		};
/* End PBXSourcesBuildPhase section */

/* Begin XCBuildConfiguration section */
		4493C90B2A36E47EF55A9DAD /* Release */ = {
			isa = XCBuildConfiguration;
			buildSettings = {
				CLANG_CXX_LANGUAGE_STANDARD = "c++14";
				CLANG_CXX_LIBRARY = "libc++";
				CLANG_LINK_OBJC_RUNTIME = NO;
				CODE_SIGN_IDENTITY = "";
				COMBINE_HIDPI_IMAGES = YES;
				CONFIGURATION_BUILD_DIR = "$(PROJECT_DIR)/build/$(CONFIGURATION)";
				DEAD_CODE_STRIPPING = YES;
				GCC_GENERATE_DEBUGGING_SYMBOLS = NO;
				GCC_OPTIMIZATION_LEVEL = 3;
				GCC_PREPROCESSOR_DEFINITIONS = (
					"_NDEBUG=1",
					"NDEBUG=1",
					"JUCE_DISPLAY_SPLASH_SCREEN=0",
					"JUCE_USE_DARK_SPLASH_SCREEN=1",
					"JUCE_PROJUCER_VERSION=0x60008",
					"JUCE_MODULE_AVAILABLE_juce_core=1",
					"JUCE_MODULE_AVAILABLE_juce_data_structures=1",
					"JUCE_MODULE_AVAILABLE_juce_events=1",
					"JUCE_MODULE_AVAILABLE_juce_graphics=1",
					"JUCE_MODULE_AVAILABLE_juce_gui_basics=1",
					"JUCE_GLOBAL_MODULE_SETTINGS_INCLUDED=1",
					"JUCE_STRICT_REFCOUNTEDPOINTER=1",
					"JUCE_STANDALONE_APPLICATION=1",
					"JUCER_XCODE_MAC_F6D2F4CF=1",
					"JUCE_APP_VERSION=1.0.0",
					"JUCE_APP_VERSION_HEX=0x10000",
					"JucePlugin_Build_VST=0",
					"JucePlugin_Build_VST3=0",
					"JucePlugin_Build_AU=0",
					"JucePlugin_Build_AUv3=0",
					"JucePlugin_Build_RTAS=0",
					"JucePlugin_Build_AAX=0",
					"JucePlugin_Build_Standalone=0",
					"JucePlugin_Build_Unity=0",
				);
				GCC_VERSION = com.apple.compilers.llvm.clang.1_0;
				HEADER_SEARCH_PATHS = (
					"$(SRCROOT)/../../JuceLibraryCode",
					"$(SRCROOT)/../../../JUCE/modules",
					"$(inherited)",
				);
				INFOPLIST_FILE = Info-App.plist;
				INFOPLIST_PREPROCESS = NO;
				INSTALL_PATH = "$(HOME)/Applications";
				LLVM_LTO = YES;
				MACOSX_DEPLOYMENT_TARGET = 10.11;
				MTL_HEADER_SEARCH_PATHS = "$(SRCROOT)/../../JuceLibraryCode $(SRCROOT)/../../../JUCE/modules";
				PRODUCT_BUNDLE_IDENTIFIER = com.yourcompany.ScaledMenus;
				PRODUCT_NAME = "ScaledMenus";
				USE_HEADERMAP = NO;
				VALID_ARCHS = "i386 x86_64 arm64 arm64e";
			};
			name = Release;
		};
		5C179D3BA016D1594702D0D5 /* Debug */ = {
			isa = XCBuildConfiguration;
			buildSettings = {
				ALWAYS_SEARCH_USER_PATHS = NO;
				CLANG_ENABLE_OBJC_WEAK = YES;
				CLANG_WARN_BLOCK_CAPTURE_AUTORELEASING = YES;
				CLANG_WARN_BOOL_CONVERSION = YES;
				CLANG_WARN_COMMA = YES;
				CLANG_WARN_CONSTANT_CONVERSION = YES;
				CLANG_WARN_DEPRECATED_OBJC_IMPLEMENTATIONS = YES;
				CLANG_WARN_EMPTY_BODY = YES;
				CLANG_WARN_ENUM_CONVERSION = YES;
				CLANG_WARN_INFINITE_RECURSION = YES;
				CLANG_WARN_INT_CONVERSION = YES;
				CLANG_WARN_NON_LITERAL_NULL_CONVERSION = YES;
				CLANG_WARN_OBJC_IMPLICIT_RETAIN_SELF = YES;
				CLANG_WARN_OBJC_LITERAL_CONVERSION = YES;
				CLANG_WARN_RANGE_LOOP_ANALYSIS = YES;
				CLANG_WARN_STRICT_PROTOTYPES = YES;
				CLANG_WARN_SUSPICIOUS_MOVE = YES;
				CLANG_WARN_UNREACHABLE_CODE = YES;
				CLANG_WARN__DUPLICATE_METHOD_MATCH = YES;
				CODE_SIGN_IDENTITY = "";
				DEBUG_INFORMATION_FORMAT = dwarf;
				ENABLE_STRICT_OBJC_MSGSEND = YES;
				ENABLE_TESTABILITY = NO;
				GCC_C_LANGUAGE_STANDARD = c11;
				GCC_INLINES_ARE_PRIVATE_EXTERN = YES;
				GCC_MODEL_TUNING = G5;
				GCC_NO_COMMON_BLOCKS = YES;
				GCC_SYMBOLS_PRIVATE_EXTERN = YES;
				GCC_WARN_64_TO_32_BIT_CONVERSION = YES;
				GCC_WARN_ABOUT_RETURN_TYPE = YES;
				GCC_WARN_CHECK_SWITCH_STATEMENTS = YES;
				GCC_WARN_MISSING_PARENTHESES = YES;
				GCC_WARN_NON_VIRTUAL_DESTRUCTOR = YES;
				GCC_WARN_TYPECHECK_CALLS_TO_PRINTF = YES;
				GCC_WARN_UNDECLARED_SELECTOR = YES;
				GCC_WARN_UNINITIALIZED_AUTOS = YES;
				GCC_WARN_UNUSED_FUNCTION = YES;
				GCC_WARN_UNUSED_VARIABLE = YES;
				ONLY_ACTIVE_ARCH = YES;
				PRODUCT_NAME = "ScaledMenus";
				SDKROOT = macosx;
				WARNING_CFLAGS = "-Wreorder";
				ZERO_LINK = NO;
			};
			name = Debug;
		};
		6CB7EEC0F8509A861D6DEA86 /* Debug */ = {
			isa = XCBuildConfiguration;
			buildSettings = {
				CLANG_CXX_LANGUAGE_STANDARD = "c++14";
				CLANG_CXX_LIBRARY = "libc++";
				CLANG_LINK_OBJC_RUNTIME = NO;
				CODE_SIGN_IDENTITY = "";
				COMBINE_HIDPI_IMAGES = YES;
				CONFIGURATION_BUILD_DIR = "$(PROJECT_DIR)/build/$(CONFIGURATION)";
				COPY_PHASE_STRIP = NO;
				GCC_DYNAMIC_NO_PIC = NO;
				GCC_OPTIMIZATION_LEVEL = 0;
				GCC_PREPROCESSOR_DEFINITIONS = (
					"_DEBUG=1",
					"DEBUG=1",
					"JUCE_DISPLAY_SPLASH_SCREEN=0",
					"JUCE_USE_DARK_SPLASH_SCREEN=1",
					"JUCE_PROJUCER_VERSION=0x60008",
					"JUCE_MODULE_AVAILABLE_juce_core=1",
					"JUCE_MODULE_AVAILABLE_juce_data_structures=1",
					"JUCE_MODULE_AVAILABLE_juce_events=1",
					"JUCE_MODULE_AVAILABLE_juce_graphics=1",
					"JUCE_MODULE_AVAILABLE_juce_gui_basics=1",
					"JUCE_GLOBAL_MODULE_SETTINGS_INCLUDED=1",
					"JUCE_STRICT_REFCOUNTEDPOINTER=1",
					"JUCE_STANDALONE_APPLICATION=1",
					"JUCER_XCODE_MAC_F6D2F4CF=1",
					"JUCE_APP_VERSION=1.0.0",
					"JUCE_APP_VERSION_HEX=0x10000",
					"JucePlugin_Build_VST=0",
					"JucePlugin_Build_VST3=0",
					"JucePlugin_Build_AU=0",
					"JucePlugin_Build_AUv3=0",
					"JucePlugin_Build_RTAS=0",
					"JucePlugin_Build_AAX=0",
					"JucePlugin_Build_Standalone=0",
					"JucePlugin_Build_Unity=0",
				);
				GCC_VERSION = com.apple.compilers.llvm.clang.1_0;
				HEADER_SEARCH_PATHS = (
					"$(SRCROOT)/../../JuceLibraryCode",
					"$(SRCROOT)/../../../JUCE/modules",
					"$(inherited)",
				);
				INFOPLIST_FILE = Info-App.plist;
				INFOPLIST_PREPROCESS = NO;
				INSTALL_PATH = "$(HOME)/Applications";
				MACOSX_DEPLOYMENT_TARGET = 10.11;
				MTL_HEADER_SEARCH_PATHS = "$(SRCROOT)/../../JuceLibraryCode $(SRCROOT)/../../../JUCE/modules";
				PRODUCT_BUNDLE_IDENTIFIER = com.yourcompany.ScaledMenus;
				PRODUCT_NAME = "ScaledMenus";
				USE_HEADERMAP = NO;
				VALID_ARCHS = "i386 x86_64 arm64 arm64e";
			};
			name = Debug;
		};
		CAC3A418F0BDD925E7CD9651 /* Release */ = {
			isa = XCBuildConfiguration;
			buildSettings = {
				ALWAYS_SEARCH_USER_PATHS = NO;
				CLANG_ENABLE_OBJC_WEAK = YES;
				CLANG_WARN_BLOCK_CAPTURE_AUTORELEASING = YES;
				CLANG_WARN_BOOL_CONVERSION = YES;
				CLANG_WARN_COMMA = YES;
				CLANG_WARN_CONSTANT_CONVERSION = YES;
				CLANG_WARN_DEPRECATED_OBJC_IMPLEMENTATIONS = YES;
				CLANG_WARN_EMPTY_BODY = YES;
				CLANG_WARN_ENUM_CONVERSION = YES;
				CLANG_WARN_INFINITE_RECURSION = YES;
				CLANG_WARN_INT_CONVERSION = YES;
				CLANG_WARN_NON_LITERAL_NULL_CONVERSION = YES;
				CLANG_WARN_OBJC_IMPLICIT_RETAIN_SELF = YES;
				CLANG_WARN_OBJC_LITERAL_CONVERSION = YES;
				CLANG_WARN_RANGE_LOOP_ANALYSIS = YES;
				CLANG_WARN_STRICT_PROTOTYPES = YES;
				CLANG_WARN_SUSPICIOUS_MOVE = YES;
				CLANG_WARN_UNREACHABLE_CODE = YES;
				CLANG_WARN__DUPLICATE_METHOD_MATCH = YES;
				CODE_SIGN_IDENTITY = "";
				DEBUG_INFORMATION_FORMAT = dwarf;
				ENABLE_STRICT_OBJC_MSGSEND = YES;
				ENABLE_TESTABILITY = NO;
				GCC_C_LANGUAGE_STANDARD = c11;
				GCC_INLINES_ARE_PRIVATE_EXTERN = YES;
				GCC_MODEL_TUNING = G5;
				GCC_NO_COMMON_BLOCKS = YES;
				GCC_SYMBOLS_PRIVATE_EXTERN = YES;
				GCC_WARN_64_TO_32_BIT_CONVERSION = YES;
				GCC_WARN_ABOUT_RETURN_TYPE = YES;
				GCC_WARN_CHECK_SWITCH_STATEMENTS = YES;
				GCC_WARN_MISSING_PARENTHESES = YES;
				GCC_WARN_NON_VIRTUAL_DESTRUCTOR = YES;
				GCC_WARN_TYPECHECK_CALLS_TO_PRINTF = YES;
				GCC_WARN_UNDECLARED_SELECTOR = YES;
				GCC_WARN_UNINITIALIZED_AUTOS = YES;
				GCC_WARN_UNUSED_FUNCTION = YES;
				GCC_WARN_UNUSED_VARIABLE = YES;
				PRODUCT_NAME = "ScaledMenus";
				SDKROOT = macosx;
				WARNING_CFLAGS = "-Wreorder";
				ZERO_LINK = NO;
			};
			name = Release;
		};
/* End XCBuildConfiguration section */

/* Begin XCConfigurationList section */
		3BD0CCEDD01ED5215B451667 = {
			isa = XCConfigurationList;
			buildConfigurations = (
				6CB7EEC0F8509A861D6DEA86,
				4493C90B2A36E47EF55A9DAD,
			);
			defaultConfigurationIsVisible = 0;
			defaultConfigurationName = Debug;
		};
		CD6830539EF3E35C06A4F3D9 = {
			isa = XCConfigurationList;
			buildConfigurations = (
				5C179D3BA016D1594702D0D5,
				CAC3A418F0BDD925E7CD9651,
			);
			defaultConfigurationIsVisible = 0;
			defaultConfigurationName = Debug;
		};
/* End XCConfigurationList section */
	};
	rootObject = C87A39BB84168604D86565E1 /* Project object */;
}
